
Microsoft Visual Studio Solution File, Format Version 12.00
# Visual Studio 14
VisualStudioVersion = 14.0.25420.1
MinimumVisualStudioVersion = 10.0.40219.1
Project("{FAE04EC0-301F-11D3-BF4B-00C04F79EFBC}") = "Local.Nuget.Server.4.5.2", "Local.Nuget.Server.4.5.2\Local.Nuget.Server.4.5.2.csproj", "{CCA06105-1320-4DFE-B24C-B74ADEEEF130}"
EndProject
Project("{FAE04EC0-301F-11D3-BF4B-00C04F79EFBC}") = "SharedLogger", "SharedLogger\SharedLogger.csproj", "{23C1CA5A-C631-4EF1-A2AE-026B0E0A2814}"
EndProject
Global
	GlobalSection(SolutionConfigurationPlatforms) = preSolution
		Debug|Any CPU = Debug|Any CPU
		Release|Any CPU = Release|Any CPU
	EndGlobalSection
	GlobalSection(ProjectConfigurationPlatforms) = postSolution
		{CCA06105-1320-4DFE-B24C-B74ADEEEF130}.Debug|Any CPU.ActiveCfg = Debug|Any CPU
		{CCA06105-1320-4DFE-B24C-B74ADEEEF130}.Debug|Any CPU.Build.0 = Debug|Any CPU
		{CCA06105-1320-4DFE-B24C-B74ADEEEF130}.Release|Any CPU.ActiveCfg = Release|Any CPU
		{CCA06105-1320-4DFE-B24C-B74ADEEEF130}.Release|Any CPU.Build.0 = Release|Any CPU
		{23C1CA5A-C631-4EF1-A2AE-026B0E0A2814}.Debug|Any CPU.ActiveCfg = Debug|Any CPU
		{23C1CA5A-C631-4EF1-A2AE-026B0E0A2814}.Debug|Any CPU.Build.0 = Debug|Any CPU
		{23C1CA5A-C631-4EF1-A2AE-026B0E0A2814}.Release|Any CPU.ActiveCfg = Release|Any CPU
		{23C1CA5A-C631-4EF1-A2AE-026B0E0A2814}.Release|Any CPU.Build.0 = Release|Any CPU
	EndGlobalSection
	GlobalSection(SolutionProperties) = preSolution
		HideSolutionNode = FALSE
	EndGlobalSection
EndGlobal
